
Microsoft Visual Studio Solution File, Format Version 12.00
# Visual Studio Version 17
VisualStudioVersion = 17.1.32414.318
MinimumVisualStudioVersion = 10.0.40219.1
Project("{FAE04EC0-301F-11D3-BF4B-00C04F79EFBC}") = "Clase 5", "Clase 5\Clase 5.csproj", "{67C20A9F-476F-4A55-9BBD-D4E5E68FA04E}"
EndProject
Global
	GlobalSection(SolutionConfigurationPlatforms) = preSolution
		Debug|Any CPU = Debug|Any CPU
		Release|Any CPU = Release|Any CPU
	EndGlobalSection
	GlobalSection(ProjectConfigurationPlatforms) = postSolution
		{67C20A9F-476F-4A55-9BBD-D4E5E68FA04E}.Debug|Any CPU.ActiveCfg = Debug|Any CPU
		{67C20A9F-476F-4A55-9BBD-D4E5E68FA04E}.Debug|Any CPU.Build.0 = Debug|Any CPU
		{67C20A9F-476F-4A55-9BBD-D4E5E68FA04E}.Release|Any CPU.ActiveCfg = Release|Any CPU
		{67C20A9F-476F-4A55-9BBD-D4E5E68FA04E}.Release|Any CPU.Build.0 = Release|Any CPU
	EndGlobalSection
	GlobalSection(SolutionProperties) = preSolution
		HideSolutionNode = FALSE
	EndGlobalSection
	GlobalSection(ExtensibilityGlobals) = postSolution
		SolutionGuid = {6C0BA93A-9216-42C3-9A56-72821EB68C8C}
	EndGlobalSection
EndGlobal
