
Microsoft Visual Studio Solution File, Format Version 12.00
# Visual Studio Version 17
VisualStudioVersion = 17.1.32414.318
MinimumVisualStudioVersion = 10.0.40219.1
Project("{FAE04EC0-301F-11D3-BF4B-00C04F79EFBC}") = "Clase 7", "Clase 7\Clase 7.csproj", "{9F1DD787-A564-4073-A7F4-2C6437D117EF}"
EndProject
Global
	GlobalSection(SolutionConfigurationPlatforms) = preSolution
		Debug|Any CPU = Debug|Any CPU
		Release|Any CPU = Release|Any CPU
	EndGlobalSection
	GlobalSection(ProjectConfigurationPlatforms) = postSolution
		{9F1DD787-A564-4073-A7F4-2C6437D117EF}.Debug|Any CPU.ActiveCfg = Debug|Any CPU
		{9F1DD787-A564-4073-A7F4-2C6437D117EF}.Debug|Any CPU.Build.0 = Debug|Any CPU
		{9F1DD787-A564-4073-A7F4-2C6437D117EF}.Release|Any CPU.ActiveCfg = Release|Any CPU
		{9F1DD787-A564-4073-A7F4-2C6437D117EF}.Release|Any CPU.Build.0 = Release|Any CPU
	EndGlobalSection
	GlobalSection(SolutionProperties) = preSolution
		HideSolutionNode = FALSE
	EndGlobalSection
	GlobalSection(ExtensibilityGlobals) = postSolution
		SolutionGuid = {F66B2AFD-2379-42B4-B99A-5D38AD1944C9}
	EndGlobalSection
EndGlobal
