
Microsoft Visual Studio Solution File, Format Version 12.00
# Visual Studio Version 17
VisualStudioVersion = 17.1.32414.318
MinimumVisualStudioVersion = 10.0.40219.1
Project("{FAE04EC0-301F-11D3-BF4B-00C04F79EFBC}") = "TipoDeDatos", "TipoDeDatos\TipoDeDatos.csproj", "{AC7CFC11-8D3F-431D-8532-423E34C73DDF}"
EndProject
Global
	GlobalSection(SolutionConfigurationPlatforms) = preSolution
		Debug|Any CPU = Debug|Any CPU
		Release|Any CPU = Release|Any CPU
	EndGlobalSection
	GlobalSection(ProjectConfigurationPlatforms) = postSolution
		{AC7CFC11-8D3F-431D-8532-423E34C73DDF}.Debug|Any CPU.ActiveCfg = Debug|Any CPU
		{AC7CFC11-8D3F-431D-8532-423E34C73DDF}.Debug|Any CPU.Build.0 = Debug|Any CPU
		{AC7CFC11-8D3F-431D-8532-423E34C73DDF}.Release|Any CPU.ActiveCfg = Release|Any CPU
		{AC7CFC11-8D3F-431D-8532-423E34C73DDF}.Release|Any CPU.Build.0 = Release|Any CPU
	EndGlobalSection
	GlobalSection(SolutionProperties) = preSolution
		HideSolutionNode = FALSE
	EndGlobalSection
	GlobalSection(ExtensibilityGlobals) = postSolution
		SolutionGuid = {B25071A2-3A52-4F36-A1C2-830F4EE6BD58}
	EndGlobalSection
EndGlobal
